
Microsoft Visual Studio Solution File, Format Version 12.00
# Visual Studio Version 16
VisualStudioVersion = 16.0.31624.102
MinimumVisualStudioVersion = 10.0.40219.1
Project("{FAE04EC0-301F-11D3-BF4B-00C04F79EFBC}") = "FinalPrpject", "FinalPrpject\FinalPrpject.csproj", "{444AC5EA-9067-4785-9554-F4C43F32CDE7}"
EndProject
Global
	GlobalSection(SolutionConfigurationPlatforms) = preSolution
		Debug|Any CPU = Debug|Any CPU
		Release|Any CPU = Release|Any CPU
	EndGlobalSection
	GlobalSection(ProjectConfigurationPlatforms) = postSolution
		{444AC5EA-9067-4785-9554-F4C43F32CDE7}.Debug|Any CPU.ActiveCfg = Debug|Any CPU
		{444AC5EA-9067-4785-9554-F4C43F32CDE7}.Debug|Any CPU.Build.0 = Debug|Any CPU
		{444AC5EA-9067-4785-9554-F4C43F32CDE7}.Release|Any CPU.ActiveCfg = Release|Any CPU
		{444AC5EA-9067-4785-9554-F4C43F32CDE7}.Release|Any CPU.Build.0 = Release|Any CPU
	EndGlobalSection
	GlobalSection(SolutionProperties) = preSolution
		HideSolutionNode = FALSE
	EndGlobalSection
	GlobalSection(ExtensibilityGlobals) = postSolution
		SolutionGuid = {44BCC309-06F0-4899-A7DC-86C1D6D682BC}
	EndGlobalSection
EndGlobal
